{
  "name": "apilos",
  "lockfileVersion": 3,
  "requires": true,
  "packages": {
    "": {
      "dependencies": {
        "@gouvfr/dsfr": "^1.13.0",
        "@hotwired/turbo": "^8.0.13",
        "virtual-select-plugin": "^1.0.48"
      }
    },
    "node_modules/@gouvfr/dsfr": {
      "version": "1.13.0",
      "resolved": "https://registry.npmjs.org/@gouvfr/dsfr/-/dsfr-1.13.0.tgz",
      "integrity": "sha512-I6JLYfE63dogk5qOx69gMfW/bKsm+daFgfx2QX75isbKBy5khlJdVxOD0A6ohvywvUJlEcZTmVK8rNHeVvGmgw==",
      "license": "SEE LICENSE IN LICENSE.md",
      "engines": {
        "node": ">=18.16.1"
      }
    },
    "node_modules/@hotwired/turbo": {
      "version": "8.0.13",
      "resolved": "https://registry.npmjs.org/@hotwired/turbo/-/turbo-8.0.13.tgz",
      "integrity": "sha512-M7qXUqcGab6G5PKOiwhgbByTtrPgKPFCTMNQ52QhzUEXEqmp0/ApEguUesh/FPiUjrmFec+3lq98KsWnYY2C7g==",
      "license": "MIT",
      "engines": {
        "node": ">= 14"
      }
    },
    "node_modules/tooltip-plugin": {
      "version": "1.0.16",
      "license": "ISC"
    },
    "node_modules/virtual-select-plugin": {
      "version": "1.0.48",
      "resolved": "https://registry.npmjs.org/virtual-select-plugin/-/virtual-select-plugin-1.0.48.tgz",
      "integrity": "sha512-Vuy3vshrbyQ3rljV3wmGL2JZ2SSbtVNyMmR/Dl2zx9RfEt/1F0JOgc2ORXw9lL1VYxod3gnvhWH+ISaX+STiKg==",
      "license": "ISC",
      "dependencies": {
        "tooltip-plugin": "^1.0.16"
      }
    }
  }
}
