{
  "name": "apilos",
  "lockfileVersion": 2,
  "requires": true,
  "packages": {
    "": {
      "dependencies": {
        "@gouvfr/dsfr": "^1.11.0",
        "@hotwired/turbo": "^8.0.5",
        "virtual-select-plugin": "^1.0.44"
      }
    },
    "node_modules/@gouvfr/dsfr": {
      "version": "1.11.0",
      "license": "SEE LICENSE IN LICENSE.md",
      "engines": {
        "node": ">=18.16.1"
      }
    },
    "node_modules/@hotwired/turbo": {
      "version": "8.0.5",
      "resolved": "https://registry.npmjs.org/@hotwired/turbo/-/turbo-8.0.5.tgz",
      "integrity": "sha512-TdZDA7fxVQ2ZycygvpnzjGPmFq4sO/E2QVg+2em/sJ3YTSsIWVEis8HmWlumz+c9DjWcUkcCuB+muF08TInpAQ==",
      "engines": {
        "node": ">= 14"
      }
    },
    "node_modules/tooltip-plugin": {
      "version": "1.0.16",
      "license": "ISC"
    },
    "node_modules/virtual-select-plugin": {
      "version": "1.0.44",
      "resolved": "https://registry.npmjs.org/virtual-select-plugin/-/virtual-select-plugin-1.0.44.tgz",
      "integrity": "sha512-Hkw/+QKa0IAK2MmfKY/RvYGKwMufDy7i16SAiQ2vV1vXmuEUnfDBC1TCDItG2+ECT5rnYjdGIb50pF53DlwZhA==",
      "dependencies": {
        "tooltip-plugin": "^1.0.16"
      }
    }
  },
  "dependencies": {
    "@gouvfr/dsfr": {
      "version": "1.11.0"
    },
    "@hotwired/turbo": {
      "version": "8.0.5",
      "resolved": "https://registry.npmjs.org/@hotwired/turbo/-/turbo-8.0.5.tgz",
      "integrity": "sha512-TdZDA7fxVQ2ZycygvpnzjGPmFq4sO/E2QVg+2em/sJ3YTSsIWVEis8HmWlumz+c9DjWcUkcCuB+muF08TInpAQ=="
    },
    "tooltip-plugin": {
      "version": "1.0.16"
    },
    "virtual-select-plugin": {
      "version": "1.0.44",
      "resolved": "https://registry.npmjs.org/virtual-select-plugin/-/virtual-select-plugin-1.0.44.tgz",
      "integrity": "sha512-Hkw/+QKa0IAK2MmfKY/RvYGKwMufDy7i16SAiQ2vV1vXmuEUnfDBC1TCDItG2+ECT5rnYjdGIb50pF53DlwZhA==",
      "requires": {
        "tooltip-plugin": "^1.0.16"
      }
    }
  }
}
