{
  "name": "apilos",
  "lockfileVersion": 3,
  "requires": true,
  "packages": {
    "": {
      "dependencies": {
        "@gouvfr/dsfr": "^1.13.2",
        "@hotwired/turbo": "^8.0.13",
        "virtual-select-plugin": "^1.0.49"
      }
    },
    "node_modules/@gouvfr/dsfr": {
      "version": "1.13.2",
      "resolved": "https://registry.npmjs.org/@gouvfr/dsfr/-/dsfr-1.13.2.tgz",
      "integrity": "sha512-4Q9ggFFzwD/KFr37sJO1hFH9PcqlZ7F3jMiFJXnBLJfkH1+s28vnQp/oXoY8TosWsLMSjdhNCrxvrUdm5XzBlg==",
      "license": "SEE LICENSE IN LICENSE.md",
      "engines": {
        "node": ">=18.16.1"
      }
    },
    "node_modules/@hotwired/turbo": {
      "version": "8.0.13",
      "resolved": "https://registry.npmjs.org/@hotwired/turbo/-/turbo-8.0.13.tgz",
      "integrity": "sha512-M7qXUqcGab6G5PKOiwhgbByTtrPgKPFCTMNQ52QhzUEXEqmp0/ApEguUesh/FPiUjrmFec+3lq98KsWnYY2C7g==",
      "license": "MIT",
      "engines": {
        "node": ">= 14"
      }
    },
    "node_modules/tooltip-plugin": {
      "version": "1.0.16",
      "license": "ISC"
    },
    "node_modules/virtual-select-plugin": {
      "version": "1.0.49",
      "resolved": "https://registry.npmjs.org/virtual-select-plugin/-/virtual-select-plugin-1.0.49.tgz",
      "integrity": "sha512-NL96p9yPP3slcX5YKG6hoVzCwkatYIFC8O0IqEXjrQVVkbxq5CqD4Fjc5XoWcUKKJ4mRPuQc9xOkhyXoc0lmEg==",
      "license": "ISC",
      "dependencies": {
        "tooltip-plugin": "^1.0.16"
      }
    }
  }
}
